<?xml version="1.0" encoding="utf-8"?>
<Project ToolsVersion="4.0" xmlns="http://schemas.microsoft.com/developer/msbuild/2003">
  <ItemGroup>
    <FxCompile Include="Assets\Shaders\blursCS.hlsl">
      <Filter>shader_nocompile</Filter>
    </FxCompile>
    <FxCompile Include="Assets\Shaders\color.hlsl">
      <Filter>shader_nocompile</Filter>
    </FxCompile>
    <FxCompile Include="Assets\Shaders\depthDebug.hlsl">
      <Filter>shader_nocompile</Filter>
    </FxCompile>
    <FxCompile Include="Assets\Shaders\ForceAlpha.hlsl">
      <Filter>shader_nocompile</Filter>
    </FxCompile>
    <FxCompile Include="Assets\Shaders\Grass.hlsl">
      <Filter>shader_nocompile</Filter>
    </FxCompile>
    <FxCompile Include="Assets\Shaders\GrassCull.hlsl">
      <Filter>shader_nocompile</Filter>
    </FxCompile>
    <FxCompile Include="Assets\Shaders\hlslUtilities.hlsl">
      <Filter>shader_nocompile</Filter>
    </FxCompile>
    <FxCompile Include="Assets\Shaders\lighting.hlsl">
      <Filter>shader_nocompile</Filter>
    </FxCompile>
    <FxCompile Include="Assets\Shaders\SobelCS.hlsl">
      <Filter>shader_nocompile</Filter>
    </FxCompile>
    <FxCompile Include="Assets\Shaders\Tessellation.hlsl">
      <Filter>shader_nocompile</Filter>
    </FxCompile>
    <FxCompile Include="Assets\Shaders\TreeBillboard.hlsl">
      <Filter>shader_nocompile</Filter>
    </FxCompile>
    <FxCompile Include="Assets\Shaders\debugLine.hlsl">
      <Filter>shader_nocompile</Filter>
    </FxCompile>
  </ItemGroup>
  <ItemGroup>
    <ClCompile Include="main.cpp" />
    <ClCompile Include="MC_debug.cpp">
      <Filter>MC_Engine</Filter>
    </ClCompile>
    <ClCompile Include="MC_PipelineManager.cpp">
      <Filter>MC_Engine</Filter>
    </ClCompile>
    <ClCompile Include="MCEngine.cpp">
      <Filter>MC_Engine</Filter>
    </ClCompile>
    <ClCompile Include="ShaderLib.cpp">
      <Filter>shader_nocompile\shader_cpp</Filter>
    </ClCompile>
    <ClCompile Include="ShaderLibDx.cpp">
      <Filter>shader_nocompile\shader_cpp</Filter>
    </ClCompile>
    <ClCompile Include="modelLoader.cpp">
      <Filter>Core\Loader</Filter>
    </ClCompile>
    <ClCompile Include="Common\Camera.cpp">
      <Filter>Core</Filter>
    </ClCompile>
    <ClCompile Include="Common\GeometryGenerator.cpp">
      <Filter>Core</Filter>
    </ClCompile>
    <ClCompile Include="Common\d3dApp_d3Init.cpp">
      <Filter>Core\d3dApp</Filter>
    </ClCompile>
    <ClCompile Include="Common\d3dApp_logging.cpp">
      <Filter>Core\d3dApp</Filter>
    </ClCompile>
    <ClCompile Include="Common\d3dUtil.cpp">
      <Filter>Core\d3dApp</Filter>
    </ClCompile>
    <ClCompile Include="Common\d3dApp.cpp">
      <Filter>Core\d3dApp</Filter>
    </ClCompile>
    <ClCompile Include="Common\MathHelper.cpp">
      <Filter>Core\Helper</Filter>
    </ClCompile>
    <ClCompile Include="Common\DDSTextureLoader.cpp">
      <Filter>Core\Loader</Filter>
    </ClCompile>
    <ClCompile Include="Common\GameTimer.cpp">
      <Filter>Core\Timer</Filter>
    </ClCompile>
    <ClCompile Include="Includes\imgui\imgui_impl_dx12.cpp">
      <Filter>Core\imgui</Filter>
    </ClCompile>
    <ClCompile Include="Includes\imgui\imgui_impl_win32.cpp">
      <Filter>Core\imgui</Filter>
    </ClCompile>
    <ClCompile Include="Includes\imgui\imgui_tables.cpp">
      <Filter>Core\imgui</Filter>
    </ClCompile>
    <ClCompile Include="Includes\imgui\imgui_widgets.cpp">
      <Filter>Core\imgui</Filter>
    </ClCompile>
    <ClCompile Include="Includes\imgui\imgui.cpp">
      <Filter>Core\imgui</Filter>
    </ClCompile>
    <ClCompile Include="Includes\imgui\imgui_demo.cpp">
      <Filter>Core\imgui</Filter>
    </ClCompile>
    <ClCompile Include="Includes\imgui\imgui_draw.cpp">
      <Filter>Core\imgui</Filter>
    </ClCompile>
    <ClCompile Include="Common\FrameResources.cpp">
      <Filter>MC_Engine</Filter>
    </ClCompile>
    <ClCompile Include="MC_Controls.cpp">
      <Filter>MC_Engine</Filter>
    </ClCompile>
    <ClCompile Include="MC_Picker.cpp">
      <Filter>MC_Engine</Filter>
    </ClCompile>
    <ClCompile Include="DescHeapManager.cpp">
      <Filter>MC_Engine\DescriptorHeap</Filter>
    </ClCompile>
    <ClCompile Include="BarrierManager.cpp">
      <Filter>MC_Engine\BarrierManager</Filter>
    </ClCompile>
    <ClCompile Include="SceneSerialization.cpp">
      <Filter>Core\SceneSerialization</Filter>
    </ClCompile>
    <ClCompile Include="CBFreeList.cpp">
      <Filter>MC_Engine\CBFreeList</Filter>
    </ClCompile>
    <ClCompile Include="TesterConsole.cpp">
      <Filter>TesterConsole</Filter>
    </ClCompile>
    <ClCompile Include="JsonMigrator.cpp">
      <Filter>MC_Engine\JsonMigrator</Filter>
    </ClCompile>
    <ClCompile Include="MCMeshSourceManager.cpp">
      <Filter>MC_Engine\MC_Asset</Filter>
    </ClCompile>
    <ClCompile Include="MCMaterialManager.cpp">
      <Filter>MC_Engine\MC_Asset</Filter>
    </ClCompile>
    <ClCompile Include="MCTextureManager.cpp">
      <Filter>MC_Engine\MC_Asset</Filter>
    </ClCompile>
    <ClCompile Include="MCSceneManager.cpp">
      <Filter>MC_Engine\MC_Scene</Filter>
    </ClCompile>
    <ClCompile Include="MCScene.cpp">
      <Filter>MC_Engine\MC_Scene</Filter>
    </ClCompile>
    <ClCompile Include="MCGrassCullingModule.cpp">
      <Filter>MC_Engine\MC_Scene\SceneModules</Filter>
    </ClCompile>
    <ClCompile Include="MC_imgui.cpp">
      <Filter>MC_Engine\MC_imgui</Filter>
    </ClCompile>
    <ClCompile Include="MC_imgui_DescHeapVis.cpp">
      <Filter>MC_Engine\MC_imgui</Filter>
    </ClCompile>
    <ClCompile Include="MC_imgui_InspectorPanel.cpp">
      <Filter>MC_Engine\MC_imgui</Filter>
    </ClCompile>
    <ClCompile Include="MC_imgui_outliner.cpp">
      <Filter>MC_Engine\MC_imgui</Filter>
    </ClCompile>
    <ClCompile Include="MC_imgui_Menubar.cpp">
      <Filter>MC_Engine\MC_imgui</Filter>
    </ClCompile>
    <ClCompile Include="MC_FileDialog.cpp">
      <Filter>MC_Engine\MC_file</Filter>
    </ClCompile>
    <ClCompile Include="Includes\imgui\ImGuizmo.cpp">
      <Filter>Core\imgui</Filter>
    </ClCompile>
    <ClCompile Include="FrameGraph\FrameGraph.cpp">
      <Filter>MC_Engine\FrameGraph</Filter>
    </ClCompile>
    <ClCompile Include="GpuTimer.cpp">
      <Filter>MC_Engine\GpuTimer</Filter>
    </ClCompile>
    <ClCompile Include="MC_AssetTests.cpp">
      <Filter>TesterConsole</Filter>
    </ClCompile>
    <ClCompile Include="MC_RenderPass.cpp">
      <Filter>MC_Engine\FrameGraph</Filter>
    </ClCompile>
    <ClCompile Include="MC_imgui_FrameGraph.cpp">
      <Filter>MC_Engine\MC_imgui</Filter>
    </ClCompile>
    <ClCompile Include="CpuTimer.cpp">
      <Filter>Core\Timer</Filter>
    </ClCompile>
  </ItemGroup>
  <ItemGroup>
    <ClInclude Include="MCEngine.h">
      <Filter>MC_Engine</Filter>
    </ClInclude>
    <ClInclude Include="ShaderLib.h">
      <Filter>shader_nocompile\shader_cpp</Filter>
    </ClInclude>
    <ClInclude Include="ShaderMacros.h">
      <Filter>shader_nocompile\shader_cpp</Filter>
    </ClInclude>
    <ClInclude Include="Assets\Shaders\SharedTypes.h">
      <Filter>shader_nocompile</Filter>
    </ClInclude>
    <ClInclude Include="modelLoader.h">
      <Filter>Core\Loader</Filter>
    </ClInclude>
    <ClInclude Include="RenderItem.h">
      <Filter>MC_Engine</Filter>
    </ClInclude>
    <ClInclude Include="Resource.h">
      <Filter>99_other</Filter>
    </ClInclude>
    <ClInclude Include="targetver.h">
      <Filter>99_other</Filter>
    </ClInclude>
    <ClInclude Include="framework.h">
      <Filter>99_other</Filter>
    </ClInclude>
    <ClInclude Include="Common\Camera.h">
      <Filter>Core</Filter>
    </ClInclude>
    <ClInclude Include="Common\GeometryGenerator.h">
      <Filter>Core</Filter>
    </ClInclude>
    <ClInclude Include="Common\d3dUtil.h">
      <Filter>Core\d3dApp</Filter>
    </ClInclude>
    <ClInclude Include="Common\d3dx12.h">
      <Filter>Core\d3dApp</Filter>
    </ClInclude>
    <ClInclude Include="Common\d3dApp.h">
      <Filter>Core\d3dApp</Filter>
    </ClInclude>
    <ClInclude Include="Common\MathHelper.h">
      <Filter>Core\Helper</Filter>
    </ClInclude>
    <ClInclude Include="Common\UploadHelper.h">
      <Filter>Core\Helper</Filter>
    </ClInclude>
    <ClInclude Include="Common\DDSTextureLoader.h">
      <Filter>Core\Loader</Filter>
    </ClInclude>
    <ClInclude Include="Common\GameTimer.h">
      <Filter>Core\Timer</Filter>
    </ClInclude>
    <ClInclude Include="Includes\imgui\imgui_impl_dx12.h">
      <Filter>Core\imgui</Filter>
    </ClInclude>
    <ClInclude Include="Includes\imgui\imgui_impl_win32.h">
      <Filter>Core\imgui</Filter>
    </ClInclude>
    <ClInclude Include="Includes\imgui\imgui_internal.h">
      <Filter>Core\imgui</Filter>
    </ClInclude>
    <ClInclude Include="Includes\imgui\imstb_rectpack.h">
      <Filter>Core\imgui</Filter>
    </ClInclude>
    <ClInclude Include="Includes\imgui\imstb_textedit.h">
      <Filter>Core\imgui</Filter>
    </ClInclude>
    <ClInclude Include="Includes\imgui\imstb_truetype.h">
      <Filter>Core\imgui</Filter>
    </ClInclude>
    <ClInclude Include="Includes\imgui\imconfig.h">
      <Filter>Core\imgui</Filter>
    </ClInclude>
    <ClInclude Include="Includes\imgui\imgui.h">
      <Filter>Core\imgui</Filter>
    </ClInclude>
    <ClInclude Include="Common\FrameResource.h">
      <Filter>MC_Engine</Filter>
    </ClInclude>
    <ClInclude Include="MC_Picker.h">
      <Filter>MC_Engine</Filter>
    </ClInclude>
    <ClInclude Include="DescHeapManager.h">
      <Filter>MC_Engine\DescriptorHeap</Filter>
    </ClInclude>
    <ClInclude Include="Singleton.h">
      <Filter>Core\BaseClass</Filter>
    </ClInclude>
    <ClInclude Include="MC_Types.h">
      <Filter>MC_Engine\MC_Types</Filter>
    </ClInclude>
    <ClInclude Include="BarrierManager.h">
      <Filter>MC_Engine\BarrierManager</Filter>
    </ClInclude>
    <ClInclude Include="SceneSerialization.h">
      <Filter>Core\SceneSerialization</Filter>
    </ClInclude>
    <ClInclude Include="CBFreeList.h">
      <Filter>MC_Engine\CBFreeList</Filter>
    </ClInclude>
    <ClInclude Include="TesterConsole.h">
      <Filter>TesterConsole</Filter>
    </ClInclude>
    <ClInclude Include="MCAssetIdentity.h">
      <Filter>MC_Engine\MC_Asset</Filter>
    </ClInclude>
    <ClInclude Include="MCMaterial.h">
      <Filter>MC_Engine\MC_Asset</Filter>
    </ClInclude>
    <ClInclude Include="MCTexture.h">
      <Filter>MC_Engine\MC_Asset</Filter>
    </ClInclude>
    <ClInclude Include="MCMeshGeometry.h">
      <Filter>MC_Engine\MC_Asset</Filter>
    </ClInclude>
    <ClInclude Include="MCVertex.h">
      <Filter>MC_Engine\MC_Asset</Filter>
    </ClInclude>
    <ClInclude Include="JsonMigrator.h">
      <Filter>MC_Engine\JsonMigrator</Filter>
    </ClInclude>
    <ClInclude Include="MCMaterialManager.h">
      <Filter>MC_Engine\MC_Asset</Filter>
    </ClInclude>
    <ClInclude Include="MCMeshSource.h">
      <Filter>MC_Engine\MC_Asset</Filter>
    </ClInclude>
    <ClInclude Include="MCMeshSourceManager.h">
      <Filter>MC_Engine\MC_Asset</Filter>
    </ClInclude>
    <ClInclude Include="MCTextureManager.h">
      <Filter>MC_Engine\MC_Asset</Filter>
    </ClInclude>
    <ClInclude Include="MCScene.h">
      <Filter>MC_Engine\MC_Scene</Filter>
    </ClInclude>
    <ClInclude Include="MCSceneManager.h">
      <Filter>MC_Engine\MC_Scene</Filter>
    </ClInclude>
    <ClInclude Include="MCSceneModule.h">
      <Filter>MC_Engine\MC_Scene</Filter>
    </ClInclude>
    <ClInclude Include="MCGrassCullingModule.h">
      <Filter>MC_Engine\MC_Scene\SceneModules</Filter>
    </ClInclude>
    <ClInclude Include="MC_FileDialog.h">
      <Filter>MC_Engine\MC_file</Filter>
    </ClInclude>
    <ClInclude Include="Includes\imgui\ImGuizmo.h">
      <Filter>Core\imgui</Filter>
    </ClInclude>
    <ClInclude Include="FrameGraph\FrameGraph.h">
      <Filter>MC_Engine\FrameGraph</Filter>
    </ClInclude>
    <ClInclude Include="GpuTimer.h">
      <Filter>MC_Engine\GpuTimer</Filter>
    </ClInclude>
    <ClInclude Include="FrameGraph\NoOpPass.h">
      <Filter>MC_Engine\FrameGraph_Pass</Filter>
    </ClInclude>
    <ClInclude Include="MC_AssetTests.h">
      <Filter>TesterConsole</Filter>
    </ClInclude>
    <ClInclude Include="ConstExpressionValues.h">
      <Filter>MC_Engine\MC_Types</Filter>
    </ClInclude>
    <ClInclude Include="FrameGraph\OpaquePass.h">
      <Filter>MC_Engine\FrameGraph_Pass</Filter>
    </ClInclude>
    <ClInclude Include="FrameGraph\OpaqueInstancedPass.h">
      <Filter>MC_Engine\FrameGraph_Pass</Filter>
    </ClInclude>
    <ClInclude Include="FrameGraph\AlphaTestedPass.h">
      <Filter>MC_Engine\FrameGraph_Pass</Filter>
    </ClInclude>
    <ClInclude Include="FrameGraph\AlphaTestedTreeSpritesPass.h">
      <Filter>MC_Engine\FrameGraph_Pass</Filter>
    </ClInclude>
    <ClInclude Include="FrameGraph\MirrorsPass.h">
      <Filter>MC_Engine\FrameGraph_Pass</Filter>
    </ClInclude>
    <ClInclude Include="FrameGraph\ReflectedPass.h">
      <Filter>MC_Engine\FrameGraph_Pass</Filter>
    </ClInclude>
    <ClInclude Include="FrameGraph\TransparentPass.h">
      <Filter>MC_Engine\FrameGraph_Pass</Filter>
    </ClInclude>
    <ClInclude Include="FrameGraph\ShadowPass.h">
      <Filter>MC_Engine\FrameGraph_Pass</Filter>
    </ClInclude>
    <ClInclude Include="FrameGraph\FrameGraphPasses.h">
      <Filter>MC_Engine\FrameGraph_Pass</Filter>
    </ClInclude>
    <ClInclude Include="FrameGraph\OpaqueTessellated.h">
      <Filter>MC_Engine\FrameGraph_Pass</Filter>
    </ClInclude>
    <ClInclude Include="FrameGraph\LambdaPass.h">
      <Filter>MC_Engine\FrameGraph</Filter>
    </ClInclude>
    <ClInclude Include="FrameGraph\RenderPass.h">
      <Filter>MC_Engine\FrameGraph</Filter>
    </ClInclude>
    <ClInclude Include="FrameGraph\FgRenderContext.h">
      <Filter>MC_Engine\FrameGraph</Filter>
    </ClInclude>
    <ClInclude Include="FrameGraph\FgBlackboard.h">
      <Filter>MC_Engine\FrameGraph</Filter>
    </ClInclude>
    <ClInclude Include="CpuTimer.h">
      <Filter>Core\Timer</Filter>
    </ClInclude>
  </ItemGroup>
  <ItemGroup>
    <None Include="README.md">
      <Filter>99_other</Filter>
    </None>
    <None Include="packages.config" />
  </ItemGroup>
  <ItemGroup>
    <Filter Include="shader_nocompile">
      <UniqueIdentifier>{c1181f76-6b2a-4531-8864-192cfda3d929}</UniqueIdentifier>
    </Filter>
    <Filter Include="Core">
      <UniqueIdentifier>{aa6f87e9-db7a-4c2e-92db-97321ae28192}</UniqueIdentifier>
    </Filter>
    <Filter Include="Core\Loader">
      <UniqueIdentifier>{5cf50389-534b-44c8-b6fc-cd38a231aab9}</UniqueIdentifier>
    </Filter>
    <Filter Include="Core\Timer">
      <UniqueIdentifier>{0749db77-4a36-4e5f-b49e-02f2f9a2c5da}</UniqueIdentifier>
    </Filter>
    <Filter Include="Core\Helper">
      <UniqueIdentifier>{9cd5a784-8aa8-4b4a-8510-8aa2b198971a}</UniqueIdentifier>
    </Filter>
    <Filter Include="MC_Engine">
      <UniqueIdentifier>{e8abe2d3-2e7e-474b-8e5c-50684983e007}</UniqueIdentifier>
    </Filter>
    <Filter Include="MC_Engine\Profiler">
      <UniqueIdentifier>{461706cb-5d5f-42a9-a149-cd154085b4b2}</UniqueIdentifier>
    </Filter>
    <Filter Include="shader_nocompile\shader_cpp">
      <UniqueIdentifier>{1f284671-b942-4a05-a35a-74ed2963c213}</UniqueIdentifier>
    </Filter>
    <Filter Include="99_other">
      <UniqueIdentifier>{62a304f5-9dba-41c2-8c26-6e684669c489}</UniqueIdentifier>
    </Filter>
    <Filter Include="Core\d3dApp">
      <UniqueIdentifier>{0e23ba4a-b4c7-4e8f-ada6-dfb790484a44}</UniqueIdentifier>
    </Filter>
    <Filter Include="MC_Engine\DescriptorHeap">
      <UniqueIdentifier>{174f2442-7cc9-43d8-b8d7-b44fc0915f8c}</UniqueIdentifier>
    </Filter>
    <Filter Include="Core\imgui">
      <UniqueIdentifier>{c598821a-2541-4508-9793-278380a001c9}</UniqueIdentifier>
    </Filter>
    <Filter Include="Core\BaseClass">
      <UniqueIdentifier>{f78928ce-a758-4f9b-9070-8f7ba421b4e3}</UniqueIdentifier>
    </Filter>
    <Filter Include="MC_Engine\MC_Types">
      <UniqueIdentifier>{6792ad88-466a-4478-994e-97c7d2158dbb}</UniqueIdentifier>
    </Filter>
    <Filter Include="99_other\Plans">
      <UniqueIdentifier>{d9811fb8-85d1-4c9c-b262-7b39ebc0cbc0}</UniqueIdentifier>
    </Filter>
    <Filter Include="MC_Engine\BarrierManager">
      <UniqueIdentifier>{15ac8ae3-69f6-40ee-9c06-6550354444e6}</UniqueIdentifier>
    </Filter>
    <Filter Include="Core\SceneSerialization">
      <UniqueIdentifier>{322019aa-0bb6-4e80-a8ec-7b190a192b5e}</UniqueIdentifier>
    </Filter>
    <Filter Include="MC_Engine\CBFreeList">
      <UniqueIdentifier>{2a473ccf-8b2f-45be-818c-95d9a6a7bd9e}</UniqueIdentifier>
    </Filter>
    <Filter Include="TesterConsole">
      <UniqueIdentifier>{b7a46cf7-c1a3-4b12-acff-2ea741305666}</UniqueIdentifier>
    </Filter>
    <Filter Include="MC_Engine\MC_Asset">
      <UniqueIdentifier>{5c6790cc-3ccb-4ffc-9cf4-66b8beae1230}</UniqueIdentifier>
    </Filter>
    <Filter Include="MC_Engine\JsonMigrator">
      <UniqueIdentifier>{d6a4cfa2-edbe-4d76-b92e-650ac9cd11de}</UniqueIdentifier>
    </Filter>
    <Filter Include="MC_Engine\MC_Scene">
      <UniqueIdentifier>{2f26b76f-bca3-45c9-94d0-3aadcb834c22}</UniqueIdentifier>
    </Filter>
    <Filter Include="MC_Engine\MC_Scene\SceneModules">
      <UniqueIdentifier>{74159c48-08b2-46e4-9f62-15fbca0f3082}</UniqueIdentifier>
    </Filter>
    <Filter Include="MC_Engine\MC_imgui">
      <UniqueIdentifier>{9b0a49f4-cca6-4746-af1f-984cdeeb102f}</UniqueIdentifier>
    </Filter>
    <Filter Include="MC_Engine\MC_file">
      <UniqueIdentifier>{eac4b92b-50b5-4fca-8f48-26e7979e07b3}</UniqueIdentifier>
    </Filter>
    <Filter Include="MC_Engine\FrameGraph">
      <UniqueIdentifier>{c37fa5c5-bf2f-4f82-98f2-aa1ef3db6840}</UniqueIdentifier>
    </Filter>
    <Filter Include="MC_Engine\GpuTimer">
      <UniqueIdentifier>{006b2057-30e3-4816-ac4c-830b269191e8}</UniqueIdentifier>
    </Filter>
    <Filter Include="MC_Engine\MC_Pass">
      <UniqueIdentifier>{90b31714-642e-4424-acde-3ea56b1e9b10}</UniqueIdentifier>
    </Filter>
    <Filter Include="MC_Engine\FrameGraph_Pass">
      <UniqueIdentifier>{8083353d-2789-4012-9d19-44f68c990dd2}</UniqueIdentifier>
    </Filter>
  </ItemGroup>
  <ItemGroup>
    <Image Include="MC.ico">
      <Filter>99_other</Filter>
    </Image>
  </ItemGroup>
  <ItemGroup>
    <ResourceCompile Include="MC_main.rc">
      <Filter>99_other</Filter>
    </ResourceCompile>
  </ItemGroup>
  <ItemGroup>
    <Text Include="FrameGraph\FgTypes.h">
      <Filter>MC_Engine\FrameGraph</Filter>
    </Text>
  </ItemGroup>
</Project>